
Microsoft Visual Studio Solution File, Format Version 12.00
# Visual Studio Version 16
VisualStudioVersion = 16.0.32602.291
MinimumVisualStudioVersion = 10.0.40219.1
Project("{FAE04EC0-301F-11D3-BF4B-00C04F79EFBC}") = "BettingGame", "BettingGame\BettingGame.csproj", "{3243E80B-C842-45B7-BB20-24A15119E889}"
EndProject
Global
	GlobalSection(SolutionConfigurationPlatforms) = preSolution
		Debug|Any CPU = Debug|Any CPU
		Release|Any CPU = Release|Any CPU
	EndGlobalSection
	GlobalSection(ProjectConfigurationPlatforms) = postSolution
		{3243E80B-C842-45B7-BB20-24A15119E889}.Debug|Any CPU.ActiveCfg = Debug|Any CPU
		{3243E80B-C842-45B7-BB20-24A15119E889}.Debug|Any CPU.Build.0 = Debug|Any CPU
		{3243E80B-C842-45B7-BB20-24A15119E889}.Release|Any CPU.ActiveCfg = Release|Any CPU
		{3243E80B-C842-45B7-BB20-24A15119E889}.Release|Any CPU.Build.0 = Release|Any CPU
	EndGlobalSection
	GlobalSection(SolutionProperties) = preSolution
		HideSolutionNode = FALSE
	EndGlobalSection
	GlobalSection(ExtensibilityGlobals) = postSolution
		SolutionGuid = {FF5CFABB-BDB0-4114-8F07-390FC82257FB}
	EndGlobalSection
EndGlobal
